
Microsoft Visual Studio Solution File, Format Version 12.00
# Visual Studio Version 17
VisualStudioVersion = 17.4.33205.214
MinimumVisualStudioVersion = 10.0.40219.1
Project("{FAE04EC0-301F-11D3-BF4B-00C04F79EFBC}") = "Smallcalc", "Smallcalc\Smallcalc.csproj", "{CA17566F-9D1D-467E-ABFE-881E0471250E}"
EndProject
Global
	GlobalSection(SolutionConfigurationPlatforms) = preSolution
		Debug|Any CPU = Debug|Any CPU
		Release|Any CPU = Release|Any CPU
	EndGlobalSection
	GlobalSection(ProjectConfigurationPlatforms) = postSolution
		{CA17566F-9D1D-467E-ABFE-881E0471250E}.Debug|Any CPU.ActiveCfg = Debug|Any CPU
		{CA17566F-9D1D-467E-ABFE-881E0471250E}.Debug|Any CPU.Build.0 = Debug|Any CPU
		{CA17566F-9D1D-467E-ABFE-881E0471250E}.Release|Any CPU.ActiveCfg = Release|Any CPU
		{CA17566F-9D1D-467E-ABFE-881E0471250E}.Release|Any CPU.Build.0 = Release|Any CPU
	EndGlobalSection
	GlobalSection(SolutionProperties) = preSolution
		HideSolutionNode = FALSE
	EndGlobalSection
	GlobalSection(ExtensibilityGlobals) = postSolution
		SolutionGuid = {F177298B-0B78-4B63-89C0-F2B8A53AE69C}
	EndGlobalSection
EndGlobal
